
Microsoft Visual Studio Solution File, Format Version 12.00
# Visual Studio 15
VisualStudioVersion = 15.0.28010.2003
MinimumVisualStudioVersion = 10.0.40219.1
Project("{FAE04EC0-301F-11D3-BF4B-00C04F79EFBC}") = "Influxdb.BulkInsert", "Influxdb.BulkInsert\Influxdb.BulkInsert.csproj", "{3099A16F-1CDC-4D60-A592-1234127F010B}"
EndProject
Global
	GlobalSection(SolutionConfigurationPlatforms) = preSolution
		Debug|Any CPU = Debug|Any CPU
		Release|Any CPU = Release|Any CPU
	EndGlobalSection
	GlobalSection(ProjectConfigurationPlatforms) = postSolution
		{3099A16F-1CDC-4D60-A592-1234127F010B}.Debug|Any CPU.ActiveCfg = Debug|Any CPU
		{3099A16F-1CDC-4D60-A592-1234127F010B}.Debug|Any CPU.Build.0 = Debug|Any CPU
		{3099A16F-1CDC-4D60-A592-1234127F010B}.Release|Any CPU.ActiveCfg = Release|Any CPU
		{3099A16F-1CDC-4D60-A592-1234127F010B}.Release|Any CPU.Build.0 = Release|Any CPU
	EndGlobalSection
	GlobalSection(SolutionProperties) = preSolution
		HideSolutionNode = FALSE
	EndGlobalSection
	GlobalSection(ExtensibilityGlobals) = postSolution
		SolutionGuid = {0F3161C9-781D-488C-B1EA-118BD0EEF302}
	EndGlobalSection
EndGlobal
